# @generated by Move, please check-in and do not edit manually.

[move]
version = 3
manifest_digest = "0A3DEF4216923203C511F0F008461FA8B21B91E544C4779D1FB757F0E4519437"
deps_digest = "F8BBB0CCB2491CA29A3DF03D6F92277A4F3574266507ACD77214D37ECA3F3082"
dependencies = [
  { id = "Iota", name = "Iota" },
]

[[move.package]]
id = "Iota"
source = { git = "https://github.com/iotaledger/iota.git", rev = "testnet", subdir = "crates/iota-framework/packages/iota-framework" }

dependencies = [
  { id = "MoveStdlib", name = "MoveStdlib" },
]

[[move.package]]
id = "MoveStdlib"
source = { git = "https://github.com/iotaledger/iota.git", rev = "testnet", subdir = "crates/iota-framework/packages/move-stdlib" }

[move.toolchain-version]
compiler-version = "0.12.0-rc"
edition = "2024.beta"
flavor = "iota"

[env]

[env.local]
chain-id = "8b8e91a2"
original-published-id = "0xe6d513b8ebf62e8a07abf70c2b6068f811768c8f133c452cb017e6378106384b"
latest-published-id = "0xe6d513b8ebf62e8a07abf70c2b6068f811768c8f133c452cb017e6378106384b"
published-version = "1"

[env.testnet]
chain-id = "2304aa97"
original-published-id = "0xffe010f4900c3d4c1b87ff597df0799f690a66673b157b2bd8188609780052fe"
latest-published-id = "0xffe010f4900c3d4c1b87ff597df0799f690a66673b157b2bd8188609780052fe"
published-version = "1"
